
Microsoft Visual Studio Solution File, Format Version 12.00
# Visual Studio Version 17
VisualStudioVersion = 17.9.34728.123
MinimumVisualStudioVersion = 10.0.40219.1
Project("{FAE04EC0-301F-11D3-BF4B-00C04F79EFBC}") = "BurmaProjectIdeas", "BurmaProjectIdeas\BurmaProjectIdeas.csproj", "{6493E41D-DF00-47A0-971A-8E9C285A3CE7}"
EndProject
Project("{FAE04EC0-301F-11D3-BF4B-00C04F79EFBC}") = "BurmaProjectIdeas.Shared", "BurmaProjectIdeas.Shared\BurmaProjectIdeas.Shared.csproj", "{A4FBCABE-4554-4EB7-9EB6-2D93439E2743}"
EndProject
Global
	GlobalSection(SolutionConfigurationPlatforms) = preSolution
		Debug|Any CPU = Debug|Any CPU
		Release|Any CPU = Release|Any CPU
	EndGlobalSection
	GlobalSection(ProjectConfigurationPlatforms) = postSolution
		{6493E41D-DF00-47A0-971A-8E9C285A3CE7}.Debug|Any CPU.ActiveCfg = Debug|Any CPU
		{6493E41D-DF00-47A0-971A-8E9C285A3CE7}.Debug|Any CPU.Build.0 = Debug|Any CPU
		{6493E41D-DF00-47A0-971A-8E9C285A3CE7}.Release|Any CPU.ActiveCfg = Release|Any CPU
		{6493E41D-DF00-47A0-971A-8E9C285A3CE7}.Release|Any CPU.Build.0 = Release|Any CPU
		{A4FBCABE-4554-4EB7-9EB6-2D93439E2743}.Debug|Any CPU.ActiveCfg = Debug|Any CPU
		{A4FBCABE-4554-4EB7-9EB6-2D93439E2743}.Debug|Any CPU.Build.0 = Debug|Any CPU
		{A4FBCABE-4554-4EB7-9EB6-2D93439E2743}.Release|Any CPU.ActiveCfg = Release|Any CPU
		{A4FBCABE-4554-4EB7-9EB6-2D93439E2743}.Release|Any CPU.Build.0 = Release|Any CPU
	EndGlobalSection
	GlobalSection(SolutionProperties) = preSolution
		HideSolutionNode = FALSE
	EndGlobalSection
	GlobalSection(ExtensibilityGlobals) = postSolution
		SolutionGuid = {6577A1B9-3225-4191-AD0E-B07D860E06B5}
	EndGlobalSection
EndGlobal
